# This file is generated by running "yarn install" inside your project.
# Manual changes might be lost - proceed with caution!

__metadata:
  version: 4

"@hapi/address@npm:^2.1.2":
  version: 2.1.4
  resolution: "@hapi/address@npm:2.1.4"
  checksum: 2/5dc5d0d3d6aad953bef59c5f24af704ae349dce626460eb2df93bd1e4b560136e354f92ce1c573292dfc7edce84189859794d28381711b50f738e67042081278
  languageName: node
  linkType: hard

"@hapi/formula@npm:^1.2.0":
  version: 1.2.0
  resolution: "@hapi/formula@npm:1.2.0"
  checksum: 2/555cbfe844e459d6872982c9ba9a14920a25b9860f459d33ce07a458c986895fdd859f57ea02e4bce08499a1a3357eb6d31bb637cf1c91ec7a9c78c59f29291b
  languageName: node
  linkType: hard

"@hapi/hoek@npm:^8.2.4, @hapi/hoek@npm:^8.3.0":
  version: 8.5.1
  resolution: "@hapi/hoek@npm:8.5.1"
  checksum: 2/17bf9a0b6f2f9ecb248824dab838c66c50b16b00b1d3785233fafd5abacb06cc6cdcbd6f4c7be87babb227fc02fff46ad1c23de3f5b6f48ffe36b6aac829d82c
  languageName: node
  linkType: hard

"@hapi/joi@npm:^16.1.4":
  version: 16.1.8
  resolution: "@hapi/joi@npm:16.1.8"
  dependencies:
    "@hapi/address": ^2.1.2
    "@hapi/formula": ^1.2.0
    "@hapi/hoek": ^8.2.4
    "@hapi/pinpoint": ^1.0.2
    "@hapi/topo": ^3.1.3
  checksum: 2/d0f024d5a858623efe376490000e5c6880fa8d86098c3ca0fbe547aea907067705fbe57d7f3e0f95d0e4c21ced72b9163c5850e5bede48ef552c0677c749dca7
  languageName: node
  linkType: hard

"@hapi/pinpoint@npm:^1.0.2":
  version: 1.0.2
  resolution: "@hapi/pinpoint@npm:1.0.2"
  checksum: 2/716c01d1d32946525b2885b98eb95d996c91998a4bb7fd78e0c4756d75fe103d9bddd883679d2991de99bd6b98852fcca2e7a9fa7fcc941b2d4d7f97191fc8dc
  languageName: node
  linkType: hard

"@hapi/topo@npm:^3.1.3":
  version: 3.1.6
  resolution: "@hapi/topo@npm:3.1.6"
  dependencies:
    "@hapi/hoek": ^8.3.0
  checksum: 2/4550d3d7498a203ce5c0e53753eb9f510aa2b74c08bfaf7d7c4676a0943b27d72f22297ff006e8396eb74e6b73154ebf98feab19c199b0768a084a777d024a50
  languageName: node
  linkType: hard

"buffer-alloc-unsafe@npm:^1.1.0":
  version: 1.1.0
  resolution: "buffer-alloc-unsafe@npm:1.1.0"
  checksum: 2/f5ab30acb1270dbec68283464d757eb1bf694557a06f27d542344bd1474e4bb202db35be1e04c804e28880eb2092dacbe39870204bc14934377f74925a4aac5c
  languageName: node
  linkType: hard

"buffer-alloc@npm:^1.1.0":
  version: 1.2.0
  resolution: "buffer-alloc@npm:1.2.0"
  dependencies:
    buffer-alloc-unsafe: ^1.1.0
    buffer-fill: ^1.0.0
  checksum: 2/0a66de89687b503644bd1a5996ac3492f8f6a154f352baae72b410db1c1a12f6ccfb9e088d838cca8648e64049140ae4ffca6a54620dec8a3aba7d114d7697db
  languageName: node
  linkType: hard

"buffer-fill@npm:^1.0.0":
  version: 1.0.0
  resolution: "buffer-fill@npm:1.0.0"
  checksum: 2/099a16038eaa2586c12b902e68e300f2e0d581c8bfdbe5c8937757ea20c375167e0dfe1891585b99ae1b4385d7ed18b4f2d4b3f85120252778fe45489ee519f1
  languageName: node
  linkType: hard

"buffer-from@npm:^1.0.0":
  version: 1.1.1
  resolution: "buffer-from@npm:1.1.1"
  checksum: 2/540ceb79c4f5bfcadaabbc18324fa84c50dc52905084be7c03596a339cf5a88513bee6831ce9b36ddd046fab09257a7c80686e129d0559a0cfd141da196ad956
  languageName: node
  linkType: hard

"core-util-is@npm:~1.0.0":
  version: 1.0.2
  resolution: "core-util-is@npm:1.0.2"
  checksum: 2/089015ee3c462dfceba70faa1df83b42a7bb35db26dae6af283247b06fe3216c65fccd9f00eebcaf98300dc31e981d56aae9f90b624f8f6ff1153e235ff88b65
  languageName: node
  linkType: hard

"corona-germany-data@workspace:.":
  version: 0.0.0-use.local
  resolution: "corona-germany-data@workspace:."
  dependencies:
    csv-writer: ^1.6.0
    neat-csv: ^5.2.0
    prettier: 1.19.1
  languageName: unknown
  linkType: soft

"csv-parser@npm:^2.3.2":
  version: 2.3.2
  resolution: "csv-parser@npm:2.3.2"
  dependencies:
    "@hapi/joi": ^16.1.4
    buffer-alloc: ^1.1.0
    buffer-from: ^1.0.0
    generate-object-property: ^1.0.0
    minimist: ^1.2.0
    ndjson: ^1.4.0
  bin:
    csv-parser: ./bin/csv-parser
  checksum: 2/67e5dac198552c2c029377b819bc41e8d6fd955dcbf5b87663906de85854d69ca619f1bb62219c628ea9df5759377803b3e5398f086c437457b96c795a4d1ec3
  languageName: node
  linkType: hard

"csv-writer@npm:^1.6.0":
  version: 1.6.0
  resolution: "csv-writer@npm:1.6.0"
  checksum: 2/c91c1386f680e702f68903d015c9ad275e69878c9d22f085a31c95ad7b675f964fff5850ab0de33ac6f293bf0d6c4e1b2bc640cbac6cd1235aaeb027eaeef783
  languageName: node
  linkType: hard

"end-of-stream@npm:^1.1.0":
  version: 1.4.4
  resolution: "end-of-stream@npm:1.4.4"
  dependencies:
    once: ^1.4.0
  checksum: 2/7da60e458bdb5e16c006a45e85ef3bc1e3791db5ba275b0913258ccddc8899acb9252c4ddbcce87bd1b46e2a3f97315aafb9f0c0330e8aac44defb504a9d3ccd
  languageName: node
  linkType: hard

"generate-object-property@npm:^1.0.0":
  version: 1.2.0
  resolution: "generate-object-property@npm:1.2.0"
  dependencies:
    is-property: ^1.0.0
  checksum: 2/3d6809bfda32d5eb8f01585c01ebead046ef67cee982e3f1e4714e2b5b01b0419afcdc4be44038d4574311bb298badfd60450d6092e1dcd1841b2b536c9cf6db
  languageName: node
  linkType: hard

"get-stream@npm:^5.1.0":
  version: 5.1.0
  resolution: "get-stream@npm:5.1.0"
  dependencies:
    pump: ^3.0.0
  checksum: 2/599dad0b6b9e41602c5a383d218e929209774e66bd3345d5ba6b87e305a16e5d4263936cab974804a30cfeebb1d9e6082f0dba4a463fcce0ba75b922b7c9d861
  languageName: node
  linkType: hard

"inherits@npm:~2.0.3":
  version: 2.0.4
  resolution: "inherits@npm:2.0.4"
  checksum: 2/98426da247ddfc3dcd7d7daedd90c3ca32d5b08deca08949726f12d49232aef94772a07b36cf4ff833e105ae2ef931777f6de4a6dd8245a216b9299ad4a50bea
  languageName: node
  linkType: hard

"is-property@npm:^1.0.0":
  version: 1.0.2
  resolution: "is-property@npm:1.0.2"
  checksum: 2/0473ad8e4e0a4a0d74f0dc820a0dd5e2b1e82eaea0b6ec32402656c5d87b80e964aabf344f4520920b8cbf9cac176f1ae2fcdbb7fb916926a8f5febfde106f69
  languageName: node
  linkType: hard

"isarray@npm:~1.0.0":
  version: 1.0.0
  resolution: "isarray@npm:1.0.0"
  checksum: 2/b0ff31a290e783f7b3fb73f2951ee7fc2946dc197b05f73577dc77f87dc3be2e0f66007bedf069123d4e5c4b691e7c89a241f6ca06f0c0f4765cdac5aa4b4047
  languageName: node
  linkType: hard

"json-stringify-safe@npm:^5.0.1":
  version: 5.0.1
  resolution: "json-stringify-safe@npm:5.0.1"
  checksum: 2/261dfb8eb3e72c8b0dda11fd7c20c151ffc1d1b03e529245d51708c8dd8d8c6a225880464adf41a570dff6e5c805fd9d1f47fed948cfb526e4fbe5a67ce4e5f4
  languageName: node
  linkType: hard

"minimist@npm:^1.2.0":
  version: 1.2.5
  resolution: "minimist@npm:1.2.5"
  checksum: 2/b77b8590147a4e217ff34266236bc39de23b52e6e33054076991ff674c7397a1380a7bde11111916f16f003a94aaa7e4f3d92595a32189644ff607fabc65a5b6
  languageName: node
  linkType: hard

"ndjson@npm:^1.4.0":
  version: 1.5.0
  resolution: "ndjson@npm:1.5.0"
  dependencies:
    json-stringify-safe: ^5.0.1
    minimist: ^1.2.0
    split2: ^2.1.0
    through2: ^2.0.3
  bin:
    ndjson: cli.js
  checksum: 2/b3965e2a853fa0168cfe217ed9d50e1d5514ff7b2998f09b58822f07ad68a6e6d3cf400893a3c214eab5ec28798af7bb15629946e818905d88d0de84b215300c
  languageName: node
  linkType: hard

"neat-csv@npm:^5.2.0":
  version: 5.2.0
  resolution: "neat-csv@npm:5.2.0"
  dependencies:
    csv-parser: ^2.3.2
    get-stream: ^5.1.0
    to-readable-stream: ^2.1.0
  checksum: 2/c8864d201d97e946cbddda4db73dfde6ff533d4b67175a98f73140bd416a5d32867fbbbfd64bb407760ee0056a27a9311a6baf9e682bca743b6195d1f41bd6fc
  languageName: node
  linkType: hard

"once@npm:^1.3.1, once@npm:^1.4.0":
  version: 1.4.0
  resolution: "once@npm:1.4.0"
  dependencies:
    wrappy: 1
  checksum: 2/57afc246536cf6494437f982b26475f22bee860f8b77ce8eb1543f42a8bffe04b2c66ddfea9a16cb25ccb80943f8ee4fc639367ef97b7a6a4f2672eb573963f5
  languageName: node
  linkType: hard

"prettier@npm:1.19.1":
  version: 1.19.1
  resolution: "prettier@npm:1.19.1"
  bin:
    prettier: ./bin-prettier.js
  checksum: 2/e5fcdfe5e159ef5c5480245353cf8fb5bbd1b8afff266f31f281641825238f8a645e58472f77cd75a09ccc45d44c335466e8d901ec138c2bda05e1bd6ea1077c
  languageName: node
  linkType: hard

"process-nextick-args@npm:~2.0.0":
  version: 2.0.1
  resolution: "process-nextick-args@npm:2.0.1"
  checksum: 2/ddeb0f07d0d5efa649c2c5e39d1afd0e3668df2b392d036c8a508b0034f7beffbc474b3c2f7fd3fed2dc4113cef8f1f7e00d05690df3c611b36f6c7efd7852d1
  languageName: node
  linkType: hard

"pump@npm:^3.0.0":
  version: 3.0.0
  resolution: "pump@npm:3.0.0"
  dependencies:
    end-of-stream: ^1.1.0
    once: ^1.3.1
  checksum: 2/5464d5cf6c6f083cc60cb45b074fb9a4a92ba4d3e0d89e9b2fa1906d8151fd3766784a426725ccf1af50d1c29963ac20b13829933549830e08a6704e3f95e08c
  languageName: node
  linkType: hard

"readable-stream@npm:~2.3.6":
  version: 2.3.7
  resolution: "readable-stream@npm:2.3.7"
  dependencies:
    core-util-is: ~1.0.0
    inherits: ~2.0.3
    isarray: ~1.0.0
    process-nextick-args: ~2.0.0
    safe-buffer: ~5.1.1
    string_decoder: ~1.1.1
    util-deprecate: ~1.0.1
  checksum: 2/6e3826560627a751feb3a8aec073ef94c6e47b8c8e06eb5d136323b5f09db9d2077c23a42a8d54ed0123695af54b36c1e4271a8ec55112b15f4b89020d8dec72
  languageName: node
  linkType: hard

"safe-buffer@npm:~5.1.0, safe-buffer@npm:~5.1.1":
  version: 5.1.2
  resolution: "safe-buffer@npm:5.1.2"
  checksum: 2/2708587c1b5e70a5e420714ceb59f30f5791c6e831d39812125a008eca63a4ac18578abd020a0776ea497ff03b4543f2b2a223a7b9073bf2d6c7af9ec6829218
  languageName: node
  linkType: hard

"split2@npm:^2.1.0":
  version: 2.2.0
  resolution: "split2@npm:2.2.0"
  dependencies:
    through2: ^2.0.2
  checksum: 2/cf58dc8aa424499cd68a9e7d9ae94441ff972ce0c1f9599bef9d65b3f4384913c557eeec939ea34e2832309d90b6ad6993c5b51b152cba2f72500299464e6a9c
  languageName: node
  linkType: hard

"string_decoder@npm:~1.1.1":
  version: 1.1.1
  resolution: "string_decoder@npm:1.1.1"
  dependencies:
    safe-buffer: ~5.1.0
  checksum: 2/bc2dc169d83df1b9e94defe7716bcad8a19ffe8211b029581cb0c6f9e83a6a7ba9ec3be38d179708a8643c692868a2b8b004ab159555dc26089ad3fa7b2158f5
  languageName: node
  linkType: hard

"through2@npm:^2.0.2, through2@npm:^2.0.3":
  version: 2.0.5
  resolution: "through2@npm:2.0.5"
  dependencies:
    readable-stream: ~2.3.6
    xtend: ~4.0.1
  checksum: 2/7427403555ead550d3cbe11f69eb07797e27505fc365cf53572111556a7c08625adb5159cad0fc4b9f57babfd937692e34b3a8a20ba35072f4e85f83d340661c
  languageName: node
  linkType: hard

"to-readable-stream@npm:^2.1.0":
  version: 2.1.0
  resolution: "to-readable-stream@npm:2.1.0"
  checksum: 2/4d8b72f46d86291d1fe45b6174c9362e636b88326707283c3ac667e148a838681df2a5615281d6c7f75ac5cce8ec09bedd4d381c9f3bcd711f3943a6f9ba4680
  languageName: node
  linkType: hard

"util-deprecate@npm:~1.0.1":
  version: 1.0.2
  resolution: "util-deprecate@npm:1.0.2"
  checksum: 2/73c2b1cf0210ccac300645384d8443cabbd93194117b2dc1b3bae8d8279ad39aedac857e020c4ea505e96a1045059c7359db3df6a9df0be6b8584166c9d61dc9
  languageName: node
  linkType: hard

"wrappy@npm:1":
  version: 1.0.2
  resolution: "wrappy@npm:1.0.2"
  checksum: 2/519fcda0fcdf0c16327be2de9d98646742307bc830277e8868529fcf7566f2b330a6453c233e0cdcb767d5838dd61a90984a02ecc983bcddebea5ad0833bbf98
  languageName: node
  linkType: hard

"xtend@npm:~4.0.1":
  version: 4.0.2
  resolution: "xtend@npm:4.0.2"
  checksum: 2/37ee522a3e9fb9b143a400c30b21dc122aa8c9c9411c6afae1005a4617dc20a21765c114d544e37a6bb60c2733dd8ee0a44ed9e80d884ac78cccd30b5e0ab0da
  languageName: node
  linkType: hard
